
Microsoft Visual Studio Solution File, Format Version 12.00
# Visual Studio 2013
VisualStudioVersion = 12.0.40629.0
MinimumVisualStudioVersion = 10.0.40219.1
Project("{FAE04EC0-301F-11D3-BF4B-00C04F79EFBC}") = "MyStore.Domain", "MyStore.Domain\MyStore.Domain.csproj", "{8D924B51-2CCF-4542-8873-86B2FBE8ABBD}"
EndProject
Project("{2150E333-8FDC-42A3-9474-1A3956D46DE8}") = "3 - Domain", "3 - Domain", "{A726AA9A-508F-4D45-9BFE-6D3F37A38D92}"
EndProject
Project("{2150E333-8FDC-42A3-9474-1A3956D46DE8}") = "5 - Tests", "5 - Tests", "{83733571-BDB4-44EC-9F8D-68A186ED0D7F}"
EndProject
Project("{FAE04EC0-301F-11D3-BF4B-00C04F79EFBC}") = "MyStore.Domain.Tests", "MyStore.Domain.Tests\MyStore.Domain.Tests.csproj", "{DF6C9EA1-0090-453A-AC9B-CA9E3411793D}"
EndProject
Project("{FAE04EC0-301F-11D3-BF4B-00C04F79EFBC}") = "MyStore.SharedKernel", "MyStore.SharedKernel\MyStore.SharedKernel.csproj", "{4FCF8E56-57E2-4D42-9BBC-C663EFD38F62}"
EndProject
Project("{2150E333-8FDC-42A3-9474-1A3956D46DE8}") = "4 - Infra", "4 - Infra", "{EF6A7416-B27D-44BB-B2C4-6C1405827C77}"
EndProject
Project("{FAE04EC0-301F-11D3-BF4B-00C04F79EFBC}") = "MyStore.Infra", "MyStore.Infra\MyStore.Infra.csproj", "{D718E5A8-4ABC-482A-A11E-275C4313D7A8}"
EndProject
Project("{2150E333-8FDC-42A3-9474-1A3956D46DE8}") = "2 - Application Services", "2 - Application Services", "{BDBCE644-A677-4C00-8FDD-E8762CF03948}"
EndProject
Project("{2150E333-8FDC-42A3-9474-1A3956D46DE8}") = "1 - API", "1 - API", "{0B528E53-9F09-4CFE-9E1C-E7CAD6B41642}"
EndProject
Project("{FAE04EC0-301F-11D3-BF4B-00C04F79EFBC}") = "MyStore.ApplicationService", "MyStore.ApplicationService\MyStore.ApplicationService.csproj", "{C369C18F-59CC-43FC-8D7B-6E671B65054E}"
EndProject
Project("{FAE04EC0-301F-11D3-BF4B-00C04F79EFBC}") = "MyStore.Api", "MyStore.Api\MyStore.Api.csproj", "{90E5C512-7E94-4778-AB11-D022F6D085D9}"
EndProject
Project("{FAE04EC0-301F-11D3-BF4B-00C04F79EFBC}") = "MyStore.CrossCutting", "MyStore.CrossCutting\MyStore.CrossCutting.csproj", "{CFC2337F-2F81-4049-96DF-0733E93BEB5A}"
EndProject
Global
	GlobalSection(SolutionConfigurationPlatforms) = preSolution
		Debug|Any CPU = Debug|Any CPU
		Release|Any CPU = Release|Any CPU
	EndGlobalSection
	GlobalSection(ProjectConfigurationPlatforms) = postSolution
		{8D924B51-2CCF-4542-8873-86B2FBE8ABBD}.Debug|Any CPU.ActiveCfg = Debug|Any CPU
		{8D924B51-2CCF-4542-8873-86B2FBE8ABBD}.Debug|Any CPU.Build.0 = Debug|Any CPU
		{8D924B51-2CCF-4542-8873-86B2FBE8ABBD}.Release|Any CPU.ActiveCfg = Release|Any CPU
		{8D924B51-2CCF-4542-8873-86B2FBE8ABBD}.Release|Any CPU.Build.0 = Release|Any CPU
		{DF6C9EA1-0090-453A-AC9B-CA9E3411793D}.Debug|Any CPU.ActiveCfg = Debug|Any CPU
		{DF6C9EA1-0090-453A-AC9B-CA9E3411793D}.Debug|Any CPU.Build.0 = Debug|Any CPU
		{DF6C9EA1-0090-453A-AC9B-CA9E3411793D}.Release|Any CPU.ActiveCfg = Release|Any CPU
		{DF6C9EA1-0090-453A-AC9B-CA9E3411793D}.Release|Any CPU.Build.0 = Release|Any CPU
		{4FCF8E56-57E2-4D42-9BBC-C663EFD38F62}.Debug|Any CPU.ActiveCfg = Debug|Any CPU
		{4FCF8E56-57E2-4D42-9BBC-C663EFD38F62}.Debug|Any CPU.Build.0 = Debug|Any CPU
		{4FCF8E56-57E2-4D42-9BBC-C663EFD38F62}.Release|Any CPU.ActiveCfg = Release|Any CPU
		{4FCF8E56-57E2-4D42-9BBC-C663EFD38F62}.Release|Any CPU.Build.0 = Release|Any CPU
		{D718E5A8-4ABC-482A-A11E-275C4313D7A8}.Debug|Any CPU.ActiveCfg = Debug|Any CPU
		{D718E5A8-4ABC-482A-A11E-275C4313D7A8}.Debug|Any CPU.Build.0 = Debug|Any CPU
		{D718E5A8-4ABC-482A-A11E-275C4313D7A8}.Release|Any CPU.ActiveCfg = Release|Any CPU
		{D718E5A8-4ABC-482A-A11E-275C4313D7A8}.Release|Any CPU.Build.0 = Release|Any CPU
		{C369C18F-59CC-43FC-8D7B-6E671B65054E}.Debug|Any CPU.ActiveCfg = Debug|Any CPU
		{C369C18F-59CC-43FC-8D7B-6E671B65054E}.Debug|Any CPU.Build.0 = Debug|Any CPU
		{C369C18F-59CC-43FC-8D7B-6E671B65054E}.Release|Any CPU.ActiveCfg = Release|Any CPU
		{C369C18F-59CC-43FC-8D7B-6E671B65054E}.Release|Any CPU.Build.0 = Release|Any CPU
		{90E5C512-7E94-4778-AB11-D022F6D085D9}.Debug|Any CPU.ActiveCfg = Debug|Any CPU
		{90E5C512-7E94-4778-AB11-D022F6D085D9}.Debug|Any CPU.Build.0 = Debug|Any CPU
		{90E5C512-7E94-4778-AB11-D022F6D085D9}.Release|Any CPU.ActiveCfg = Release|Any CPU
		{90E5C512-7E94-4778-AB11-D022F6D085D9}.Release|Any CPU.Build.0 = Release|Any CPU
		{CFC2337F-2F81-4049-96DF-0733E93BEB5A}.Debug|Any CPU.ActiveCfg = Debug|Any CPU
		{CFC2337F-2F81-4049-96DF-0733E93BEB5A}.Debug|Any CPU.Build.0 = Debug|Any CPU
		{CFC2337F-2F81-4049-96DF-0733E93BEB5A}.Release|Any CPU.ActiveCfg = Release|Any CPU
		{CFC2337F-2F81-4049-96DF-0733E93BEB5A}.Release|Any CPU.Build.0 = Release|Any CPU
	EndGlobalSection
	GlobalSection(SolutionProperties) = preSolution
		HideSolutionNode = FALSE
	EndGlobalSection
	GlobalSection(NestedProjects) = preSolution
		{8D924B51-2CCF-4542-8873-86B2FBE8ABBD} = {A726AA9A-508F-4D45-9BFE-6D3F37A38D92}
		{DF6C9EA1-0090-453A-AC9B-CA9E3411793D} = {83733571-BDB4-44EC-9F8D-68A186ED0D7F}
		{4FCF8E56-57E2-4D42-9BBC-C663EFD38F62} = {A726AA9A-508F-4D45-9BFE-6D3F37A38D92}
		{D718E5A8-4ABC-482A-A11E-275C4313D7A8} = {EF6A7416-B27D-44BB-B2C4-6C1405827C77}
		{C369C18F-59CC-43FC-8D7B-6E671B65054E} = {BDBCE644-A677-4C00-8FDD-E8762CF03948}
		{90E5C512-7E94-4778-AB11-D022F6D085D9} = {0B528E53-9F09-4CFE-9E1C-E7CAD6B41642}
		{CFC2337F-2F81-4049-96DF-0733E93BEB5A} = {EF6A7416-B27D-44BB-B2C4-6C1405827C77}
	EndGlobalSection
EndGlobal
